
Microsoft Visual Studio Solution File, Format Version 12.00
# Visual Studio Version 17
VisualStudioVersion = 17.4.33110.190
MinimumVisualStudioVersion = 10.0.40219.1
Project("{9A19103F-16F7-4668-BE54-9A1E7A4F7556}") = "TaskOverflow", "TaskOverflow\TaskOverflow.csproj", "{C2D78DF3-43AC-4800-B5F1-46C3ADF2901A}"
EndProject
Project("{FAE04EC0-301F-11D3-BF4B-00C04F79EFBC}") = "TaskOverflow Test", "TaskOverflow Test\TaskOverflow Test.csproj", "{6CF1DACF-B32A-42BA-A728-6D170BAD19FB}"
EndProject
Global
	GlobalSection(SolutionConfigurationPlatforms) = preSolution
		Debug|Any CPU = Debug|Any CPU
		Release|Any CPU = Release|Any CPU
	EndGlobalSection
	GlobalSection(ProjectConfigurationPlatforms) = postSolution
		{C2D78DF3-43AC-4800-B5F1-46C3ADF2901A}.Debug|Any CPU.ActiveCfg = Debug|Any CPU
		{C2D78DF3-43AC-4800-B5F1-46C3ADF2901A}.Debug|Any CPU.Build.0 = Debug|Any CPU
		{C2D78DF3-43AC-4800-B5F1-46C3ADF2901A}.Release|Any CPU.ActiveCfg = Release|Any CPU
		{C2D78DF3-43AC-4800-B5F1-46C3ADF2901A}.Release|Any CPU.Build.0 = Release|Any CPU
		{6CF1DACF-B32A-42BA-A728-6D170BAD19FB}.Debug|Any CPU.ActiveCfg = Debug|Any CPU
		{6CF1DACF-B32A-42BA-A728-6D170BAD19FB}.Debug|Any CPU.Build.0 = Debug|Any CPU
		{6CF1DACF-B32A-42BA-A728-6D170BAD19FB}.Release|Any CPU.ActiveCfg = Release|Any CPU
		{6CF1DACF-B32A-42BA-A728-6D170BAD19FB}.Release|Any CPU.Build.0 = Release|Any CPU
	EndGlobalSection
	GlobalSection(SolutionProperties) = preSolution
		HideSolutionNode = FALSE
	EndGlobalSection
	GlobalSection(ExtensibilityGlobals) = postSolution
		SolutionGuid = {ABD95303-FE80-4423-844F-ACC88DF050E0}
	EndGlobalSection
EndGlobal
